
Microsoft Visual Studio Solution File, Format Version 12.00
# Visual Studio Version 17
VisualStudioVersion = 17.4.33110.190
MinimumVisualStudioVersion = 10.0.40219.1
Project("{FAE04EC0-301F-11D3-BF4B-00C04F79EFBC}") = "MyManagerAPI", "MyManagerAPI\MyManagerAPI.csproj", "{50191F0F-D788-4430-8E54-34DF90AA01A7}"
EndProject
Global
	GlobalSection(SolutionConfigurationPlatforms) = preSolution
		Debug|Any CPU = Debug|Any CPU
		Release|Any CPU = Release|Any CPU
	EndGlobalSection
	GlobalSection(ProjectConfigurationPlatforms) = postSolution
		{50191F0F-D788-4430-8E54-34DF90AA01A7}.Debug|Any CPU.ActiveCfg = Debug|Any CPU
		{50191F0F-D788-4430-8E54-34DF90AA01A7}.Debug|Any CPU.Build.0 = Debug|Any CPU
		{50191F0F-D788-4430-8E54-34DF90AA01A7}.Release|Any CPU.ActiveCfg = Release|Any CPU
		{50191F0F-D788-4430-8E54-34DF90AA01A7}.Release|Any CPU.Build.0 = Release|Any CPU
	EndGlobalSection
	GlobalSection(SolutionProperties) = preSolution
		HideSolutionNode = FALSE
	EndGlobalSection
	GlobalSection(ExtensibilityGlobals) = postSolution
		SolutionGuid = {57E7EAA0-DBD7-4C72-9752-397F12296670}
	EndGlobalSection
EndGlobal
